
Microsoft Visual Studio Solution File, Format Version 12.00
# Visual Studio Version 16
VisualStudioVersion = 16.0.29306.81
MinimumVisualStudioVersion = 10.0.40219.1
Project("{9A19103F-16F7-4668-BE54-9A1E7A4F7556}") = "DateTimeExtensions", "DateTimeExtensions.csproj", "{C8019131-C434-4269-BBE1-23A5D7A2A12A}"
EndProject
Global
	GlobalSection(SolutionConfigurationPlatforms) = preSolution
		Debug|Any CPU = Debug|Any CPU
		Release|Any CPU = Release|Any CPU
	EndGlobalSection
	GlobalSection(ProjectConfigurationPlatforms) = postSolution
		{C8019131-C434-4269-BBE1-23A5D7A2A12A}.Debug|Any CPU.ActiveCfg = Debug|Any CPU
		{C8019131-C434-4269-BBE1-23A5D7A2A12A}.Debug|Any CPU.Build.0 = Debug|Any CPU
		{C8019131-C434-4269-BBE1-23A5D7A2A12A}.Release|Any CPU.ActiveCfg = Release|Any CPU
		{C8019131-C434-4269-BBE1-23A5D7A2A12A}.Release|Any CPU.Build.0 = Release|Any CPU
	EndGlobalSection
	GlobalSection(SolutionProperties) = preSolution
		HideSolutionNode = FALSE
	EndGlobalSection
	GlobalSection(ExtensibilityGlobals) = postSolution
		SolutionGuid = {C71C0C4C-7677-44ED-8929-61FE23DF722E}
	EndGlobalSection
EndGlobal
